cloudeng.io v0.0.0-20250114011922-deda84865886 h1:UYVrw91nNiP6h7lXGmqI2B092swJ2cDZxtqL2HhyNWg=
cloudeng.io/algo v0.0.0-20250109190841-16f2cfe4fde2 h1:gaXjcHNHsy+4GlaHfUwJ4UarYQwxjhdw6DcgsJcq5oI=
cloudeng.io/algo v0.0.0-20250109190841-16f2cfe4fde2/go.mod h1:UZ8vyc4kEQUKOdaj5K0KfFZjUbSguHKBTEkhzA17zmw=
cloudeng.io/algo v0.0.0-20250115012004-c76cbf27f83d h1:+e8hj9pHft4jZCd9VB36hQI94KsZPQZZafz9ODXNyzc=
cloudeng.io/algo v0.0.0-20250115012004-c76cbf27f83d/go.mod h1:UZ8vyc4kEQUKOdaj5K0KfFZjUbSguHKBTEkhzA17zmw=
cloudeng.io/cmdutil v0.0.0-20250115012004-c76cbf27f83d h1:AtK3SS/E4gW0Q0mK1lqEwBCUVGNz88Db3J5Nf+/AmWc=
cloudeng.io/cmdutil v0.0.0-20250115012004-c76cbf27f83d/go.mod h1:SaquTd0cZsJxXo4C/UzVIlGGgqSqxXXaWpZj8O35zg4=
cloudeng.io/datetime v0.0.0-20250109190841-16f2cfe4fde2 h1:zqe4LlFBMUZ4Wk5CQUDn6wyFK5NilwUllPacg9ofTt8=
cloudeng.io/datetime v0.0.0-20250109190841-16f2cfe4fde2/go.mod h1:oC+T0v8O/Dtl7wE9Q+RXfQOjHT+9OlQAjvDbWZncs70=
cloudeng.io/datetime v0.0.0-20250115012004-c76cbf27f83d h1:NryHG5Ca6i1OmCYnyylOkv15KVhBLUnJ29P0BbRk+ow=
cloudeng.io/datetime v0.0.0-20250115012004-c76cbf27f83d/go.mod h1:oC+T0v8O/Dtl7wE9Q+RXfQOjHT+9OlQAjvDbWZncs70=
cloudeng.io/errors v0.0.10 h1:M/UgEEjD1v9MiGAw4QFkSREPdmScPt1YVuKESbRy8zU=
cloudeng.io/errors v0.0.10/go.mod h1:GO+C05d4kZnEqUC5Po9vajcyG8ibIzYCcOuomXHEznQ=
cloudeng.io/file v0.0.0-20241215221655-bd556f44d3de h1:IHcgIgQ/v3GIjAXSMw1Hlr4TmjzxdamuAjjjfNczz0Y=
cloudeng.io/file v0.0.0-20241215221655-bd556f44d3de/go.mod h1:jZh77Yx2aZZm637+RMC6jHUc1skXFdtmuW+yU7lLqC8=
cloudeng.io/file v0.0.0-20250109190841-16f2cfe4fde2 h1:jceBrj0huy84tsTZbdKwK4qf6S42DydK3yEBJneiKi8=
cloudeng.io/file v0.0.0-20250109190841-16f2cfe4fde2/go.mod h1:cpn65256dvwrs7+iULJk+DSTiCtzVdb9ojENSHNQUkE=
cloudeng.io/file v0.0.0-20250115012004-c76cbf27f83d h1:zHqR6jr/RTXcXuIVUsjWJvatBE7mTB4ngS6iUff0zGY=
cloudeng.io/file v0.0.0-20250115012004-c76cbf27f83d/go.mod h1:cpn65256dvwrs7+iULJk+DSTiCtzVdb9ojENSHNQUkE=
cloudeng.io/net v0.0.0-20241215221655-bd556f44d3de h1:lytg39ESsOISczF+TR6JqdXF12O5cCie8Crr2HUsOqQ=
cloudeng.io/net v0.0.0-20241215221655-bd556f44d3de/go.mod h1:KrRfajXa7W4z4+UjGQxmdF5T2/eWHr0hIkiINN0pDfM=
cloudeng.io/net v0.0.0-20250109190841-16f2cfe4fde2 h1:bJGbZHuN7xaDoo7TYO8HTtOHUOqlo8LlMKWTb7r26do=
cloudeng.io/net v0.0.0-20250109190841-16f2cfe4fde2/go.mod h1:ZYl4s5CXup8GPn+0R5P+T0eNDBXFGsTlLVjgokPZZuU=
cloudeng.io/net v0.0.0-20250115012004-c76cbf27f83d h1:X3y34oySlTWKgLrVsbme9eUVG5DJl1rURpIFQQ6vKfc=
cloudeng.io/net v0.0.0-20250115012004-c76cbf27f83d/go.mod h1:ZYl4s5CXup8GPn+0R5P+T0eNDBXFGsTlLVjgokPZZuU=
cloudeng.io/sync v0.0.8 h1:N8o5Qo5sjxwDktWIW/7rfK14O74jGS3pprefjF3EFKA=
cloudeng.io/sync v0.0.8/go.mod h1:76qdZzMQSN+iPeQxY9MSbnSELKQmcd9E6pnfRgWgN8s=
cloudeng.io/webapi/clients/nws v0.0.0-20250111173417-ae968a629df0 h1:TaBO13Tx6NOGLgTRlZ/44in/xgQaBVCiOaYlOcEHriQ=
cloudeng.io/webapi/clients/nws v0.0.0-20250111173417-ae968a629df0/go.mod h1:zLTP+fY8PaGQYwrktP55+r6FnsWeDMd+5Migd1ZXizA=
cloudeng.io/webapi/clients/nws v0.0.0-20250115163522-2e8054cafced h1:T76+S6MTZnNYwMQObx9GeaTLgB31dt4MKXgnlkqRM54=
cloudeng.io/webapi/clients/nws v0.0.0-20250115163522-2e8054cafced/go.mod h1:zLTP+fY8PaGQYwrktP55+r6FnsWeDMd+5Migd1ZXizA=
cloudeng.io/webapi/clients/nws v0.0.0-20250115174215-4ad8f0a52a51 h1:DEzgh9x3bc9XF4j24IeFKybYcRxPrUx3qjOswggCuUE=
cloudeng.io/webapi/clients/nws v0.0.0-20250115174215-4ad8f0a52a51/go.mod h1:bjmaGE68MXZDriIUR4vVRXWlQLGq+32VK4J0ua1pr/0=
cloudeng.io/webapi/clients/nws v0.0.0-20250115234730-220e0a6d154d h1:Zz4CfB7GUTbvF9grTeM4z+49G5WsCcNKF5CeWiMVp30=
cloudeng.io/webapi/clients/nws v0.0.0-20250115234730-220e0a6d154d/go.mod h1:bjmaGE68MXZDriIUR4vVRXWlQLGq+32VK4J0ua1pr/0=
cloudeng.io/webapi/operations v0.0.0-20240326200628-ccb06fbdd668 h1:ETYk2nrF0bqKv+Lx5fJNEljev+jf/G4X4PGhwsmf2EM=
cloudeng.io/webapi/operations v0.0.0-20240326200628-ccb06fbdd668/go.mod h1:MKGJvUTbVsIRgMy/DhFPVAue/zFLTp6UCdoiCNK41iI=
cloudeng.io/webapi/operations v0.0.0-20250115163522-2e8054cafced h1:Y7V9wMeyuJwPs6vZN96/857lNhFdTFXVKYMq1FlgvlU=
cloudeng.io/webapi/operations v0.0.0-20250115163522-2e8054cafced/go.mod h1:uGPvy9FlXotcdATf7+b2lZNGDVfRe1C7MqS3wBVGeq0=
cloudeng.io/webapi/operations v0.0.0-20250115235233-c9333ec7ce00 h1:f6Gb2hWgGN6dajyNVwruivRRbIXnIRWymVD5xCE81dA=
cloudeng.io/webapi/operations v0.0.0-20250115235233-c9333ec7ce00/go.mod h1:uGPvy9FlXotcdATf7+b2lZNGDVfRe1C7MqS3wBVGeq0=
cloudeng.io/webapi/webapitestutil v0.0.0-20250115163522-2e8054cafced h1:EMd0bCqObKJ/zGJhxjS+5niY18WSdFYcn29MyM/y6+0=
cloudeng.io/webapi/webapitestutil v0.0.0-20250115163522-2e8054cafced/go.mod h1:cMF03lbZy2+oWkCUD3CPtKzxClTGjqbIyk2E/IMVQtA=
github.com/cosnicolaou/automation v0.0.0-20250115011416-ec192d8af4dd h1:q52JyLZRhjC0fPunIKj4lhAKV2f9Ljapzna6CwvzTzo=
github.com/cosnicolaou/automation v0.0.0-20250115011416-ec192d8af4dd/go.mod h1:qaejs6fg7nD1mWfJWWLIUguJdJKmwEF0snGYx0+rqWk=
gopkg.in/check.v1 v0.0.0-20161208181325-20d25e280405/go.mod h1:Co6ibVJAznAaIkqp8huTwlJQCZ016jof/cbN4VW5Yz0=
gopkg.in/yaml.v3 v3.0.1 h1:fxVm/GzAzEWqLHuvctI91KS9hhNmmWOoWu0XTYJS7CA=
gopkg.in/yaml.v3 v3.0.1/go.mod h1:K4uyk7z7BCEPqu6E+C64Yfv1cQ7kz7rIZviUmN+EgEM=
